
Microsoft Visual Studio Solution File, Format Version 12.00
# Visual Studio Version 17
VisualStudioVersion = 17.9.34622.214
MinimumVisualStudioVersion = 10.0.40219.1
Project("{9A19103F-16F7-4668-BE54-9A1E7A4F7556}") = "PGM2B_SemestralniPrace_Zalesak", "PGM2B_SemestralniPrace_Zalesak\PGM2B_SemestralniPrace_Zalesak.csproj", "{AEAFF13E-679C-439D-BFDA-68567826BEB2}"
EndProject
Global
	GlobalSection(SolutionConfigurationPlatforms) = preSolution
		Debug|Any CPU = Debug|Any CPU
		Release|Any CPU = Release|Any CPU
	EndGlobalSection
	GlobalSection(ProjectConfigurationPlatforms) = postSolution
		{AEAFF13E-679C-439D-BFDA-68567826BEB2}.Debug|Any CPU.ActiveCfg = Debug|Any CPU
		{AEAFF13E-679C-439D-BFDA-68567826BEB2}.Debug|Any CPU.Build.0 = Debug|Any CPU
		{AEAFF13E-679C-439D-BFDA-68567826BEB2}.Release|Any CPU.ActiveCfg = Release|Any CPU
		{AEAFF13E-679C-439D-BFDA-68567826BEB2}.Release|Any CPU.Build.0 = Release|Any CPU
	EndGlobalSection
	GlobalSection(SolutionProperties) = preSolution
		HideSolutionNode = FALSE
	EndGlobalSection
	GlobalSection(ExtensibilityGlobals) = postSolution
		SolutionGuid = {D926E729-A73A-4CFA-89E2-B7032614A634}
	EndGlobalSection
EndGlobal
